
Microsoft Visual Studio Solution File, Format Version 12.00
# Visual Studio Version 17
VisualStudioVersion = 17.0.32112.339
MinimumVisualStudioVersion = 10.0.40219.1
Project("{FAE04EC0-301F-11D3-BF4B-00C04F79EFBC}") = "Bridge-Demo", "Bridge-Demo\Bridge-Demo.csproj", "{E92699F2-7044-4A9E-85A9-91032583C3E5}"
EndProject
Project("{FAE04EC0-301F-11D3-BF4B-00C04F79EFBC}") = "BridgeImplementation", "BridgeImplementation\BridgeImplementation.csproj", "{1DAF21FF-7FD9-4F06-A441-27551A6AB7CF}"
EndProject
Global
	GlobalSection(SolutionConfigurationPlatforms) = preSolution
		Debug|Any CPU = Debug|Any CPU
		Release|Any CPU = Release|Any CPU
	EndGlobalSection
	GlobalSection(ProjectConfigurationPlatforms) = postSolution
		{E92699F2-7044-4A9E-85A9-91032583C3E5}.Debug|Any CPU.ActiveCfg = Debug|Any CPU
		{E92699F2-7044-4A9E-85A9-91032583C3E5}.Debug|Any CPU.Build.0 = Debug|Any CPU
		{E92699F2-7044-4A9E-85A9-91032583C3E5}.Release|Any CPU.ActiveCfg = Release|Any CPU
		{E92699F2-7044-4A9E-85A9-91032583C3E5}.Release|Any CPU.Build.0 = Release|Any CPU
		{1DAF21FF-7FD9-4F06-A441-27551A6AB7CF}.Debug|Any CPU.ActiveCfg = Debug|Any CPU
		{1DAF21FF-7FD9-4F06-A441-27551A6AB7CF}.Debug|Any CPU.Build.0 = Debug|Any CPU
		{1DAF21FF-7FD9-4F06-A441-27551A6AB7CF}.Release|Any CPU.ActiveCfg = Release|Any CPU
		{1DAF21FF-7FD9-4F06-A441-27551A6AB7CF}.Release|Any CPU.Build.0 = Release|Any CPU
	EndGlobalSection
	GlobalSection(SolutionProperties) = preSolution
		HideSolutionNode = FALSE
	EndGlobalSection
	GlobalSection(ExtensibilityGlobals) = postSolution
		SolutionGuid = {F82EE43D-468F-4683-B053-E9E78F6E1FB4}
	EndGlobalSection
EndGlobal
