
Microsoft Visual Studio Solution File, Format Version 12.00
# Visual Studio Version 17
VisualStudioVersion = 17.0.32112.339
MinimumVisualStudioVersion = 10.0.40219.1
Project("{FAE04EC0-301F-11D3-BF4B-00C04F79EFBC}") = "Builder-Demo", "Builder-Demo\Builder-Demo.csproj", "{4F6941B5-FAFA-40B7-8257-99BD8C6DB685}"
EndProject
Global
	GlobalSection(SolutionConfigurationPlatforms) = preSolution
		Debug|Any CPU = Debug|Any CPU
		Release|Any CPU = Release|Any CPU
	EndGlobalSection
	GlobalSection(ProjectConfigurationPlatforms) = postSolution
		{4F6941B5-FAFA-40B7-8257-99BD8C6DB685}.Debug|Any CPU.ActiveCfg = Debug|Any CPU
		{4F6941B5-FAFA-40B7-8257-99BD8C6DB685}.Debug|Any CPU.Build.0 = Debug|Any CPU
		{4F6941B5-FAFA-40B7-8257-99BD8C6DB685}.Release|Any CPU.ActiveCfg = Release|Any CPU
		{4F6941B5-FAFA-40B7-8257-99BD8C6DB685}.Release|Any CPU.Build.0 = Release|Any CPU
	EndGlobalSection
	GlobalSection(SolutionProperties) = preSolution
		HideSolutionNode = FALSE
	EndGlobalSection
	GlobalSection(ExtensibilityGlobals) = postSolution
		SolutionGuid = {942B2B4A-6214-4FB9-9662-79286B837AA5}
	EndGlobalSection
EndGlobal
