
Microsoft Visual Studio Solution File, Format Version 12.00
# Visual Studio Version 16
VisualStudioVersion = 25.0.1700.0
MinimumVisualStudioVersion = 10.0.40219.1
Project("{FAE04EC0-301F-11D3-BF4B-00C04F79EFBC}") = "Observer-Demo", "Observer-Demo\Observer-Demo.csproj", "{C39375EC-B78F-4212-83D6-A60463D57B4A}"
EndProject
Global
	GlobalSection(SolutionConfigurationPlatforms) = preSolution
		Debug|Any CPU = Debug|Any CPU
		Release|Any CPU = Release|Any CPU
	EndGlobalSection
	GlobalSection(ProjectConfigurationPlatforms) = postSolution
		{C39375EC-B78F-4212-83D6-A60463D57B4A}.Debug|Any CPU.ActiveCfg = Debug|Any CPU
		{C39375EC-B78F-4212-83D6-A60463D57B4A}.Debug|Any CPU.Build.0 = Debug|Any CPU
		{C39375EC-B78F-4212-83D6-A60463D57B4A}.Release|Any CPU.ActiveCfg = Release|Any CPU
		{C39375EC-B78F-4212-83D6-A60463D57B4A}.Release|Any CPU.Build.0 = Release|Any CPU
	EndGlobalSection
	GlobalSection(SolutionProperties) = preSolution
		HideSolutionNode = FALSE
	EndGlobalSection
	GlobalSection(ExtensibilityGlobals) = postSolution
		SolutionGuid = {E2F4900B-BEE4-41FC-82AE-6FA7EC9FC80D}
	EndGlobalSection
EndGlobal
