
Microsoft Visual Studio Solution File, Format Version 12.00
# Visual Studio Version 17
VisualStudioVersion = 17.0.32112.339
MinimumVisualStudioVersion = 10.0.40219.1
Project("{FAE04EC0-301F-11D3-BF4B-00C04F79EFBC}") = "Facade-Demo", "Facade-Demo\Facade-Demo.csproj", "{C1A7C0C0-1E68-4593-9F28-27F28455F85E}"
EndProject
Global
	GlobalSection(SolutionConfigurationPlatforms) = preSolution
		Debug|Any CPU = Debug|Any CPU
		Release|Any CPU = Release|Any CPU
	EndGlobalSection
	GlobalSection(ProjectConfigurationPlatforms) = postSolution
		{C1A7C0C0-1E68-4593-9F28-27F28455F85E}.Debug|Any CPU.ActiveCfg = Debug|Any CPU
		{C1A7C0C0-1E68-4593-9F28-27F28455F85E}.Debug|Any CPU.Build.0 = Debug|Any CPU
		{C1A7C0C0-1E68-4593-9F28-27F28455F85E}.Release|Any CPU.ActiveCfg = Release|Any CPU
		{C1A7C0C0-1E68-4593-9F28-27F28455F85E}.Release|Any CPU.Build.0 = Release|Any CPU
	EndGlobalSection
	GlobalSection(SolutionProperties) = preSolution
		HideSolutionNode = FALSE
	EndGlobalSection
	GlobalSection(ExtensibilityGlobals) = postSolution
		SolutionGuid = {76E24330-4213-4099-93CC-2BE3EB4DDE31}
	EndGlobalSection
EndGlobal
