
Microsoft Visual Studio Solution File, Format Version 12.00
# Visual Studio Version 16
VisualStudioVersion = 25.0.1700.0
MinimumVisualStudioVersion = 10.0.40219.1
Project("{FAE04EC0-301F-11D3-BF4B-00C04F79EFBC}") = "Template-Method-Demo", "Template-Method-Demo\Template-Method-Demo.csproj", "{DB6D6A90-82D2-4631-88A1-3E5CF2F78C20}"
EndProject
Global
	GlobalSection(SolutionConfigurationPlatforms) = preSolution
		Debug|Any CPU = Debug|Any CPU
		Release|Any CPU = Release|Any CPU
	EndGlobalSection
	GlobalSection(ProjectConfigurationPlatforms) = postSolution
		{DB6D6A90-82D2-4631-88A1-3E5CF2F78C20}.Debug|Any CPU.ActiveCfg = Debug|Any CPU
		{DB6D6A90-82D2-4631-88A1-3E5CF2F78C20}.Debug|Any CPU.Build.0 = Debug|Any CPU
		{DB6D6A90-82D2-4631-88A1-3E5CF2F78C20}.Release|Any CPU.ActiveCfg = Release|Any CPU
		{DB6D6A90-82D2-4631-88A1-3E5CF2F78C20}.Release|Any CPU.Build.0 = Release|Any CPU
	EndGlobalSection
	GlobalSection(SolutionProperties) = preSolution
		HideSolutionNode = FALSE
	EndGlobalSection
	GlobalSection(ExtensibilityGlobals) = postSolution
		SolutionGuid = {33692194-CD08-4B5F-9786-FCCC4C1E4BF8}
	EndGlobalSection
EndGlobal
