
Microsoft Visual Studio Solution File, Format Version 12.00
# Visual Studio Version 16
VisualStudioVersion = 25.0.1700.0
MinimumVisualStudioVersion = 10.0.40219.1
Project("{FAE04EC0-301F-11D3-BF4B-00C04F79EFBC}") = "Mediator-Demo", "Mediator-Demo\Mediator-Demo.csproj", "{1D0A961D-7CE8-467E-94BE-D9C81C708AD8}"
EndProject
Global
	GlobalSection(SolutionConfigurationPlatforms) = preSolution
		Debug|Any CPU = Debug|Any CPU
		Release|Any CPU = Release|Any CPU
	EndGlobalSection
	GlobalSection(ProjectConfigurationPlatforms) = postSolution
		{1D0A961D-7CE8-467E-94BE-D9C81C708AD8}.Debug|Any CPU.ActiveCfg = Debug|Any CPU
		{1D0A961D-7CE8-467E-94BE-D9C81C708AD8}.Debug|Any CPU.Build.0 = Debug|Any CPU
		{1D0A961D-7CE8-467E-94BE-D9C81C708AD8}.Release|Any CPU.ActiveCfg = Release|Any CPU
		{1D0A961D-7CE8-467E-94BE-D9C81C708AD8}.Release|Any CPU.Build.0 = Release|Any CPU
	EndGlobalSection
	GlobalSection(SolutionProperties) = preSolution
		HideSolutionNode = FALSE
	EndGlobalSection
	GlobalSection(ExtensibilityGlobals) = postSolution
		SolutionGuid = {7AA2CFA4-7E42-41E0-A32A-C3131B5A293C}
	EndGlobalSection
EndGlobal
