
Microsoft Visual Studio Solution File, Format Version 12.00
# Visual Studio Version 16
VisualStudioVersion = 25.0.1700.0
MinimumVisualStudioVersion = 10.0.40219.1
Project("{FAE04EC0-301F-11D3-BF4B-00C04F79EFBC}") = "Strategy-Demo", "Strategy-Demo\Strategy-Demo.csproj", "{6E333A39-C82F-40CF-8831-B5EC622A66D4}"
EndProject
Global
	GlobalSection(SolutionConfigurationPlatforms) = preSolution
		Debug|Any CPU = Debug|Any CPU
		Release|Any CPU = Release|Any CPU
	EndGlobalSection
	GlobalSection(ProjectConfigurationPlatforms) = postSolution
		{6E333A39-C82F-40CF-8831-B5EC622A66D4}.Debug|Any CPU.ActiveCfg = Debug|Any CPU
		{6E333A39-C82F-40CF-8831-B5EC622A66D4}.Debug|Any CPU.Build.0 = Debug|Any CPU
		{6E333A39-C82F-40CF-8831-B5EC622A66D4}.Release|Any CPU.ActiveCfg = Release|Any CPU
		{6E333A39-C82F-40CF-8831-B5EC622A66D4}.Release|Any CPU.Build.0 = Release|Any CPU
	EndGlobalSection
	GlobalSection(SolutionProperties) = preSolution
		HideSolutionNode = FALSE
	EndGlobalSection
	GlobalSection(ExtensibilityGlobals) = postSolution
		SolutionGuid = {899548D7-7607-4D86-9C04-DB330614B13C}
	EndGlobalSection
EndGlobal
